// !$*UTF8*$!
{
	archiveVersion = 1;
	classes = {
	};
	objectVersion = 77;
	objects = {

/* Begin PBXBuildFile section */
		58C5287C2CB6E06200E360DD /* WidgetKit.framework in Frameworks */ = {isa = PBXBuildFile; fileRef = 58C5287B2CB6E06200E360DD /* WidgetKit.framework */; };
		58C5287E2CB6E06200E360DD /* SwiftUI.framework in Frameworks */ = {isa = PBXBuildFile; fileRef = 58C5287D2CB6E06200E360DD /* SwiftUI.framework */; };
		58C5288C2CB6E06400E360DD /* StickyNotesWidgetExtension.appex in Embed Foundation Extensions */ = {isa = PBXBuildFile; fileRef = 58C528792CB6E06200E360DD /* StickyNotesWidgetExtension.appex */; settings = {ATTRIBUTES = (RemoveHeadersOnCopy, ); }; };
/* End PBXBuildFile section */

/* Begin PBXContainerItemProxy section */
		583413B32CB6AB33005259D6 /* PBXContainerItemProxy */ = {
			isa = PBXContainerItemProxy;
			containerPortal = 583413992CB6AB2F005259D6 /* Project object */;
			proxyType = 1;
			remoteGlobalIDString = 583413A02CB6AB2F005259D6;
			remoteInfo = StickyNotes;
		};
		583413BD2CB6AB33005259D6 /* PBXContainerItemProxy */ = {
			isa = PBXContainerItemProxy;
			containerPortal = 583413992CB6AB2F005259D6 /* Project object */;
			proxyType = 1;
			remoteGlobalIDString = 583413A02CB6AB2F005259D6;
			remoteInfo = StickyNotes;
		};
		58C5288A2CB6E06400E360DD /* PBXContainerItemProxy */ = {
			isa = PBXContainerItemProxy;
			containerPortal = 583413992CB6AB2F005259D6 /* Project object */;
			proxyType = 1;
			remoteGlobalIDString = 58C528782CB6E06200E360DD;
			remoteInfo = StickyNotesWidgetExtension;
		};
/* End PBXContainerItemProxy section */

/* Begin PBXCopyFilesBuildPhase section */
		58C528912CB6E06400E360DD /* Embed Foundation Extensions */ = {
			isa = PBXCopyFilesBuildPhase;
			buildActionMask = 2147483647;
			dstPath = "";
			dstSubfolderSpec = 13;
			files = (
				58C5288C2CB6E06400E360DD /* StickyNotesWidgetExtension.appex in Embed Foundation Extensions */,
			);
			name = "Embed Foundation Extensions";
			runOnlyForDeploymentPostprocessing = 0;
		};
/* End PBXCopyFilesBuildPhase section */

/* Begin PBXFileReference section */
		583413A12CB6AB2F005259D6 /* StickyNotes.app */ = {isa = PBXFileReference; explicitFileType = wrapper.application; includeInIndex = 0; path = StickyNotes.app; sourceTree = BUILT_PRODUCTS_DIR; };
		583413B22CB6AB33005259D6 /* StickyNotesTests.xctest */ = {isa = PBXFileReference; explicitFileType = wrapper.cfbundle; includeInIndex = 0; path = StickyNotesTests.xctest; sourceTree = BUILT_PRODUCTS_DIR; };
		583413BC2CB6AB33005259D6 /* StickyNotesUITests.xctest */ = {isa = PBXFileReference; explicitFileType = wrapper.cfbundle; includeInIndex = 0; path = StickyNotesUITests.xctest; sourceTree = BUILT_PRODUCTS_DIR; };
		58C528792CB6E06200E360DD /* StickyNotesWidgetExtension.appex */ = {isa = PBXFileReference; explicitFileType = "wrapper.app-extension"; includeInIndex = 0; path = StickyNotesWidgetExtension.appex; sourceTree = BUILT_PRODUCTS_DIR; };
		58C5287B2CB6E06200E360DD /* WidgetKit.framework */ = {isa = PBXFileReference; lastKnownFileType = wrapper.framework; name = WidgetKit.framework; path = System/Library/Frameworks/WidgetKit.framework; sourceTree = SDKROOT; };
		58C5287D2CB6E06200E360DD /* SwiftUI.framework */ = {isa = PBXFileReference; lastKnownFileType = wrapper.framework; name = SwiftUI.framework; path = System/Library/Frameworks/SwiftUI.framework; sourceTree = SDKROOT; };
/* End PBXFileReference section */

/* Begin PBXFileSystemSynchronizedBuildFileExceptionSet section */
		589101852CB6E63E00D07B58 /* Exceptions for "StickyNotesWidget" folder in "StickyNotes" target */ = {
			isa = PBXFileSystemSynchronizedBuildFileExceptionSet;
			membershipExceptions = (
				StickyNotesWidget.swift,
			);
			target = 583413A02CB6AB2F005259D6 /* StickyNotes */;
		};
		589101912CB6F01100D07B58 /* Exceptions for "Note" folder in "StickyNotesWidgetExtension" target */ = {
			isa = PBXFileSystemSynchronizedBuildFileExceptionSet;
			membershipExceptions = (
				Note.swift,
				NotesViewModel.swift,
			);
			target = 58C528782CB6E06200E360DD /* StickyNotesWidgetExtension */;
		};
		58C5288D2CB6E06400E360DD /* Exceptions for "StickyNotesWidget" folder in "StickyNotesWidgetExtension" target */ = {
			isa = PBXFileSystemSynchronizedBuildFileExceptionSet;
			membershipExceptions = (
				Info.plist,
			);
			target = 58C528782CB6E06200E360DD /* StickyNotesWidgetExtension */;
		};
/* End PBXFileSystemSynchronizedBuildFileExceptionSet section */

/* Begin PBXFileSystemSynchronizedRootGroup section */
		583413A32CB6AB2F005259D6 /* StickyNotes */ = {
			isa = PBXFileSystemSynchronizedRootGroup;
			path = StickyNotes;
			sourceTree = "<group>";
		};
		583413B52CB6AB33005259D6 /* StickyNotesTests */ = {
			isa = PBXFileSystemSynchronizedRootGroup;
			path = StickyNotesTests;
			sourceTree = "<group>";
		};
		583413BF2CB6AB33005259D6 /* StickyNotesUITests */ = {
			isa = PBXFileSystemSynchronizedRootGroup;
			path = StickyNotesUITests;
			sourceTree = "<group>";
		};
		5891018C2CB6F01100D07B58 /* Note */ = {
			isa = PBXFileSystemSynchronizedRootGroup;
			exceptions = (
				589101912CB6F01100D07B58 /* Exceptions for "Note" folder in "StickyNotesWidgetExtension" target */,
			);
			path = Note;
			sourceTree = "<group>";
		};
		589101922CB6F09B00D07B58 /* MainScreen */ = {
			isa = PBXFileSystemSynchronizedRootGroup;
			path = MainScreen;
			sourceTree = "<group>";
		};
		58C5287F2CB6E06200E360DD /* StickyNotesWidget */ = {
			isa = PBXFileSystemSynchronizedRootGroup;
			exceptions = (
				589101852CB6E63E00D07B58 /* Exceptions for "StickyNotesWidget" folder in "StickyNotes" target */,
				58C5288D2CB6E06400E360DD /* Exceptions for "StickyNotesWidget" folder in "StickyNotesWidgetExtension" target */,
			);
			path = StickyNotesWidget;
			sourceTree = "<group>";
		};
/* End PBXFileSystemSynchronizedRootGroup section */

/* Begin PBXFrameworksBuildPhase section */
		5834139E2CB6AB2F005259D6 /* Frameworks */ = {
			isa = PBXFrameworksBuildPhase;
			buildActionMask = 2147483647;
			files = (
			);
			runOnlyForDeploymentPostprocessing = 0;
		};
		583413AF2CB6AB33005259D6 /* Frameworks */ = {
			isa = PBXFrameworksBuildPhase;
			buildActionMask = 2147483647;
			files = (
			);
			runOnlyForDeploymentPostprocessing = 0;
		};
		583413B92CB6AB33005259D6 /* Frameworks */ = {
			isa = PBXFrameworksBuildPhase;
			buildActionMask = 2147483647;
			files = (
			);
			runOnlyForDeploymentPostprocessing = 0;
		};
		58C528762CB6E06200E360DD /* Frameworks */ = {
			isa = PBXFrameworksBuildPhase;
			buildActionMask = 2147483647;
			files = (
				58C5287E2CB6E06200E360DD /* SwiftUI.framework in Frameworks */,
				58C5287C2CB6E06200E360DD /* WidgetKit.framework in Frameworks */,
			);
			runOnlyForDeploymentPostprocessing = 0;
		};
/* End PBXFrameworksBuildPhase section */

/* Begin PBXGroup section */
		583413982CB6AB2F005259D6 = {
			isa = PBXGroup;
			children = (
				589101922CB6F09B00D07B58 /* MainScreen */,
				5891018C2CB6F01100D07B58 /* Note */,
				583413A32CB6AB2F005259D6 /* StickyNotes */,
				583413B52CB6AB33005259D6 /* StickyNotesTests */,
				583413BF2CB6AB33005259D6 /* StickyNotesUITests */,
				58C5287F2CB6E06200E360DD /* StickyNotesWidget */,
				58C5287A2CB6E06200E360DD /* Frameworks */,
				583413A22CB6AB2F005259D6 /* Products */,
			);
			sourceTree = "<group>";
		};
		583413A22CB6AB2F005259D6 /* Products */ = {
			isa = PBXGroup;
			children = (
				583413A12CB6AB2F005259D6 /* StickyNotes.app */,
				583413B22CB6AB33005259D6 /* StickyNotesTests.xctest */,
				583413BC2CB6AB33005259D6 /* StickyNotesUITests.xctest */,
				58C528792CB6E06200E360DD /* StickyNotesWidgetExtension.appex */,
			);
			name = Products;
			sourceTree = "<group>";
		};
		58C5287A2CB6E06200E360DD /* Frameworks */ = {
			isa = PBXGroup;
			children = (
				58C5287B2CB6E06200E360DD /* WidgetKit.framework */,
				58C5287D2CB6E06200E360DD /* SwiftUI.framework */,
			);
			name = Frameworks;
			sourceTree = "<group>";
		};
/* End PBXGroup section */

/* Begin PBXNativeTarget section */
		583413A02CB6AB2F005259D6 /* StickyNotes */ = {
			isa = PBXNativeTarget;
			buildConfigurationList = 583413C62CB6AB33005259D6 /* Build configuration list for PBXNativeTarget "StickyNotes" */;
			buildPhases = (
				5834139D2CB6AB2F005259D6 /* Sources */,
				5834139E2CB6AB2F005259D6 /* Frameworks */,
				5834139F2CB6AB2F005259D6 /* Resources */,
				58C528912CB6E06400E360DD /* Embed Foundation Extensions */,
			);
			buildRules = (
			);
			dependencies = (
				58C5288B2CB6E06400E360DD /* PBXTargetDependency */,
			);
			fileSystemSynchronizedGroups = (
				583413A32CB6AB2F005259D6 /* StickyNotes */,
				5891018C2CB6F01100D07B58 /* Note */,
				589101922CB6F09B00D07B58 /* MainScreen */,
			);
			name = StickyNotes;
			packageProductDependencies = (
			);
			productName = StickyNotes;
			productReference = 583413A12CB6AB2F005259D6 /* StickyNotes.app */;
			productType = "com.apple.product-type.application";
		};
		583413B12CB6AB33005259D6 /* StickyNotesTests */ = {
			isa = PBXNativeTarget;
			buildConfigurationList = 583413C92CB6AB33005259D6 /* Build configuration list for PBXNativeTarget "StickyNotesTests" */;
			buildPhases = (
				583413AE2CB6AB33005259D6 /* Sources */,
				583413AF2CB6AB33005259D6 /* Frameworks */,
				583413B02CB6AB33005259D6 /* Resources */,
			);
			buildRules = (
			);
			dependencies = (
				583413B42CB6AB33005259D6 /* PBXTargetDependency */,
			);
			fileSystemSynchronizedGroups = (
				583413B52CB6AB33005259D6 /* StickyNotesTests */,
			);
			name = StickyNotesTests;
			packageProductDependencies = (
			);
			productName = StickyNotesTests;
			productReference = 583413B22CB6AB33005259D6 /* StickyNotesTests.xctest */;
			productType = "com.apple.product-type.bundle.unit-test";
		};
		583413BB2CB6AB33005259D6 /* StickyNotesUITests */ = {
			isa = PBXNativeTarget;
			buildConfigurationList = 583413CC2CB6AB33005259D6 /* Build configuration list for PBXNativeTarget "StickyNotesUITests" */;
			buildPhases = (
				583413B82CB6AB33005259D6 /* Sources */,
				583413B92CB6AB33005259D6 /* Frameworks */,
				583413BA2CB6AB33005259D6 /* Resources */,
			);
			buildRules = (
			);
			dependencies = (
				583413BE2CB6AB33005259D6 /* PBXTargetDependency */,
			);
			fileSystemSynchronizedGroups = (
				583413BF2CB6AB33005259D6 /* StickyNotesUITests */,
			);
			name = StickyNotesUITests;
			packageProductDependencies = (
			);
			productName = StickyNotesUITests;
			productReference = 583413BC2CB6AB33005259D6 /* StickyNotesUITests.xctest */;
			productType = "com.apple.product-type.bundle.ui-testing";
		};
		58C528782CB6E06200E360DD /* StickyNotesWidgetExtension */ = {
			isa = PBXNativeTarget;
			buildConfigurationList = 58C5288E2CB6E06400E360DD /* Build configuration list for PBXNativeTarget "StickyNotesWidgetExtension" */;
			buildPhases = (
				58C528752CB6E06200E360DD /* Sources */,
				58C528762CB6E06200E360DD /* Frameworks */,
				58C528772CB6E06200E360DD /* Resources */,
			);
			buildRules = (
			);
			dependencies = (
			);
			fileSystemSynchronizedGroups = (
				58C5287F2CB6E06200E360DD /* StickyNotesWidget */,
			);
			name = StickyNotesWidgetExtension;
			packageProductDependencies = (
			);
			productName = StickyNotesWidgetExtension;
			productReference = 58C528792CB6E06200E360DD /* StickyNotesWidgetExtension.appex */;
			productType = "com.apple.product-type.app-extension";
		};
/* End PBXNativeTarget section */

/* Begin PBXProject section */
		583413992CB6AB2F005259D6 /* Project object */ = {
			isa = PBXProject;
			attributes = {
				BuildIndependentTargetsInParallel = 1;
				LastSwiftUpdateCheck = 1600;
				LastUpgradeCheck = 1600;
				TargetAttributes = {
					583413A02CB6AB2F005259D6 = {
						CreatedOnToolsVersion = 16.0;
					};
					583413B12CB6AB33005259D6 = {
						CreatedOnToolsVersion = 16.0;
						TestTargetID = 583413A02CB6AB2F005259D6;
					};
					583413BB2CB6AB33005259D6 = {
						CreatedOnToolsVersion = 16.0;
						TestTargetID = 583413A02CB6AB2F005259D6;
					};
					58C528782CB6E06200E360DD = {
						CreatedOnToolsVersion = 16.0;
					};
				};
			};
			buildConfigurationList = 5834139C2CB6AB2F005259D6 /* Build configuration list for PBXProject "StickyNotes" */;
			developmentRegion = en;
			hasScannedForEncodings = 0;
			knownRegions = (
				en,
				Base,
			);
			mainGroup = 583413982CB6AB2F005259D6;
			minimizedProjectReferenceProxies = 1;
			preferredProjectObjectVersion = 77;
			productRefGroup = 583413A22CB6AB2F005259D6 /* Products */;
			projectDirPath = "";
			projectRoot = "";
			targets = (
				583413A02CB6AB2F005259D6 /* StickyNotes */,
				583413B12CB6AB33005259D6 /* StickyNotesTests */,
				583413BB2CB6AB33005259D6 /* StickyNotesUITests */,
				58C528782CB6E06200E360DD /* StickyNotesWidgetExtension */,
			);
		};
/* End PBXProject section */

/* Begin PBXResourcesBuildPhase section */
		5834139F2CB6AB2F005259D6 /* Resources */ = {
			isa = PBXResourcesBuildPhase;
			buildActionMask = 2147483647;
			files = (
			);
			runOnlyForDeploymentPostprocessing = 0;
		};
		583413B02CB6AB33005259D6 /* Resources */ = {
			isa = PBXResourcesBuildPhase;
			buildActionMask = 2147483647;
			files = (
			);
			runOnlyForDeploymentPostprocessing = 0;
		};
		583413BA2CB6AB33005259D6 /* Resources */ = {
			isa = PBXResourcesBuildPhase;
			buildActionMask = 2147483647;
			files = (
			);
			runOnlyForDeploymentPostprocessing = 0;
		};
		58C528772CB6E06200E360DD /* Resources */ = {
			isa = PBXResourcesBuildPhase;
			buildActionMask = 2147483647;
			files = (
			);
			runOnlyForDeploymentPostprocessing = 0;
		};
/* End PBXResourcesBuildPhase section */

/* Begin PBXSourcesBuildPhase section */
		5834139D2CB6AB2F005259D6 /* Sources */ = {
			isa = PBXSourcesBuildPhase;
			buildActionMask = 2147483647;
			files = (
			);
			runOnlyForDeploymentPostprocessing = 0;
		};
		583413AE2CB6AB33005259D6 /* Sources */ = {
			isa = PBXSourcesBuildPhase;
			buildActionMask = 2147483647;
			files = (
			);
			runOnlyForDeploymentPostprocessing = 0;
		};
		583413B82CB6AB33005259D6 /* Sources */ = {
			isa = PBXSourcesBuildPhase;
			buildActionMask = 2147483647;
			files = (
			);
			runOnlyForDeploymentPostprocessing = 0;
		};
		58C528752CB6E06200E360DD /* Sources */ = {
			isa = PBXSourcesBuildPhase;
			buildActionMask = 2147483647;
			files = (
			);
			runOnlyForDeploymentPostprocessing = 0;
		};
/* End PBXSourcesBuildPhase section */

/* Begin PBXTargetDependency section */
		583413B42CB6AB33005259D6 /* PBXTargetDependency */ = {
			isa = PBXTargetDependency;
			target = 583413A02CB6AB2F005259D6 /* StickyNotes */;
			targetProxy = 583413B32CB6AB33005259D6 /* PBXContainerItemProxy */;
		};
		583413BE2CB6AB33005259D6 /* PBXTargetDependency */ = {
			isa = PBXTargetDependency;
			target = 583413A02CB6AB2F005259D6 /* StickyNotes */;
			targetProxy = 583413BD2CB6AB33005259D6 /* PBXContainerItemProxy */;
		};
		58C5288B2CB6E06400E360DD /* PBXTargetDependency */ = {
			isa = PBXTargetDependency;
			target = 58C528782CB6E06200E360DD /* StickyNotesWidgetExtension */;
			targetProxy = 58C5288A2CB6E06400E360DD /* PBXContainerItemProxy */;
		};
/* End PBXTargetDependency section */

/* Begin XCBuildConfiguration section */
		583413C42CB6AB33005259D6 /* Debug */ = {
			isa = XCBuildConfiguration;
			buildSettings = {
				ALWAYS_SEARCH_USER_PATHS = NO;
				ASSETCATALOG_COMPILER_GENERATE_SWIFT_ASSET_SYMBOL_EXTENSIONS = YES;
				CLANG_ANALYZER_NONNULL = YES;
				CLANG_ANALYZER_NUMBER_OBJECT_CONVERSION = YES_AGGRESSIVE;
				CLANG_CXX_LANGUAGE_STANDARD = "gnu++20";
				CLANG_ENABLE_MODULES = YES;
				CLANG_ENABLE_OBJC_ARC = YES;
				CLANG_ENABLE_OBJC_WEAK = YES;
				CLANG_WARN_BLOCK_CAPTURE_AUTORELEASING = YES;
				CLANG_WARN_BOOL_CONVERSION = YES;
				CLANG_WARN_COMMA = YES;
				CLANG_WARN_CONSTANT_CONVERSION = YES;
				CLANG_WARN_DEPRECATED_OBJC_IMPLEMENTATIONS = YES;
				CLANG_WARN_DIRECT_OBJC_ISA_USAGE = YES_ERROR;
				CLANG_WARN_DOCUMENTATION_COMMENTS = YES;
				CLANG_WARN_EMPTY_BODY = YES;
				CLANG_WARN_ENUM_CONVERSION = YES;
				CLANG_WARN_INFINITE_RECURSION = YES;
				CLANG_WARN_INT_CONVERSION = YES;
				CLANG_WARN_NON_LITERAL_NULL_CONVERSION = YES;
				CLANG_WARN_OBJC_IMPLICIT_RETAIN_SELF = YES;
				CLANG_WARN_OBJC_LITERAL_CONVERSION = YES;
				CLANG_WARN_OBJC_ROOT_CLASS = YES_ERROR;
				CLANG_WARN_QUOTED_INCLUDE_IN_FRAMEWORK_HEADER = YES;
				CLANG_WARN_RANGE_LOOP_ANALYSIS = YES;
				CLANG_WARN_STRICT_PROTOTYPES = YES;
				CLANG_WARN_SUSPICIOUS_MOVE = YES;
				CLANG_WARN_UNGUARDED_AVAILABILITY = YES_AGGRESSIVE;
				CLANG_WARN_UNREACHABLE_CODE = YES;
				CLANG_WARN__DUPLICATE_METHOD_MATCH = YES;
				COPY_PHASE_STRIP = NO;
				DEBUG_INFORMATION_FORMAT = dwarf;
				ENABLE_STRICT_OBJC_MSGSEND = YES;
				ENABLE_TESTABILITY = YES;
				ENABLE_USER_SCRIPT_SANDBOXING = YES;
				GCC_C_LANGUAGE_STANDARD = gnu17;
				GCC_DYNAMIC_NO_PIC = NO;
				GCC_NO_COMMON_BLOCKS = YES;
				GCC_OPTIMIZATION_LEVEL = 0;
				GCC_PREPROCESSOR_DEFINITIONS = (
					"DEBUG=1",
					"$(inherited)",
				);
				GCC_WARN_64_TO_32_BIT_CONVERSION = YES;
				GCC_WARN_ABOUT_RETURN_TYPE = YES_ERROR;
				GCC_WARN_UNDECLARED_SELECTOR = YES;
				GCC_WARN_UNINITIALIZED_AUTOS = YES_AGGRESSIVE;
				GCC_WARN_UNUSED_FUNCTION = YES;
				GCC_WARN_UNUSED_VARIABLE = YES;
				LOCALIZATION_PREFERS_STRING_CATALOGS = YES;
				MACOSX_DEPLOYMENT_TARGET = 15.0;
				MTL_ENABLE_DEBUG_INFO = INCLUDE_SOURCE;
				MTL_FAST_MATH = YES;
				ONLY_ACTIVE_ARCH = YES;
				SDKROOT = macosx;
				SWIFT_ACTIVE_COMPILATION_CONDITIONS = "DEBUG $(inherited)";
				SWIFT_OPTIMIZATION_LEVEL = "-Onone";
			};
			name = Debug;
		};
		583413C52CB6AB33005259D6 /* Release */ = {
			isa = XCBuildConfiguration;
			buildSettings = {
				ALWAYS_SEARCH_USER_PATHS = NO;
				ASSETCATALOG_COMPILER_GENERATE_SWIFT_ASSET_SYMBOL_EXTENSIONS = YES;
				CLANG_ANALYZER_NONNULL = YES;
				CLANG_ANALYZER_NUMBER_OBJECT_CONVERSION = YES_AGGRESSIVE;
				CLANG_CXX_LANGUAGE_STANDARD = "gnu++20";
				CLANG_ENABLE_MODULES = YES;
				CLANG_ENABLE_OBJC_ARC = YES;
				CLANG_ENABLE_OBJC_WEAK = YES;
				CLANG_WARN_BLOCK_CAPTURE_AUTORELEASING = YES;
				CLANG_WARN_BOOL_CONVERSION = YES;
				CLANG_WARN_COMMA = YES;
				CLANG_WARN_CONSTANT_CONVERSION = YES;
				CLANG_WARN_DEPRECATED_OBJC_IMPLEMENTATIONS = YES;
				CLANG_WARN_DIRECT_OBJC_ISA_USAGE = YES_ERROR;
				CLANG_WARN_DOCUMENTATION_COMMENTS = YES;
				CLANG_WARN_EMPTY_BODY = YES;
				CLANG_WARN_ENUM_CONVERSION = YES;
				CLANG_WARN_INFINITE_RECURSION = YES;
				CLANG_WARN_INT_CONVERSION = YES;
				CLANG_WARN_NON_LITERAL_NULL_CONVERSION = YES;
				CLANG_WARN_OBJC_IMPLICIT_RETAIN_SELF = YES;
				CLANG_WARN_OBJC_LITERAL_CONVERSION = YES;
				CLANG_WARN_OBJC_ROOT_CLASS = YES_ERROR;
				CLANG_WARN_QUOTED_INCLUDE_IN_FRAMEWORK_HEADER = YES;
				CLANG_WARN_RANGE_LOOP_ANALYSIS = YES;
				CLANG_WARN_STRICT_PROTOTYPES = YES;
				CLANG_WARN_SUSPICIOUS_MOVE = YES;
				CLANG_WARN_UNGUARDED_AVAILABILITY = YES_AGGRESSIVE;
				CLANG_WARN_UNREACHABLE_CODE = YES;
				CLANG_WARN__DUPLICATE_METHOD_MATCH = YES;
				COPY_PHASE_STRIP = NO;
				DEBUG_INFORMATION_FORMAT = "dwarf-with-dsym";
				ENABLE_NS_ASSERTIONS = NO;
				ENABLE_STRICT_OBJC_MSGSEND = YES;
				ENABLE_USER_SCRIPT_SANDBOXING = YES;
				GCC_C_LANGUAGE_STANDARD = gnu17;
				GCC_NO_COMMON_BLOCKS = YES;
				GCC_WARN_64_TO_32_BIT_CONVERSION = YES;
				GCC_WARN_ABOUT_RETURN_TYPE = YES_ERROR;
				GCC_WARN_UNDECLARED_SELECTOR = YES;
				GCC_WARN_UNINITIALIZED_AUTOS = YES_AGGRESSIVE;
				GCC_WARN_UNUSED_FUNCTION = YES;
				GCC_WARN_UNUSED_VARIABLE = YES;
				LOCALIZATION_PREFERS_STRING_CATALOGS = YES;
				MACOSX_DEPLOYMENT_TARGET = 15.0;
				MTL_ENABLE_DEBUG_INFO = NO;
				MTL_FAST_MATH = YES;
				SDKROOT = macosx;
				SWIFT_COMPILATION_MODE = wholemodule;
			};
			name = Release;
		};
		583413C72CB6AB33005259D6 /* Debug */ = {
			isa = XCBuildConfiguration;
			buildSettings = {
				ASSETCATALOG_COMPILER_APPICON_NAME = AppIcon;
				ASSETCATALOG_COMPILER_GLOBAL_ACCENT_COLOR_NAME = AccentColor;
				CODE_SIGN_ENTITLEMENTS = StickyNotes/StickyNotes.entitlements;
				CODE_SIGN_STYLE = Automatic;
				COMBINE_HIDPI_IMAGES = YES;
				CURRENT_PROJECT_VERSION = 1;
				DEVELOPMENT_ASSET_PATHS = "\"StickyNotes/Preview Content\"";
				ENABLE_PREVIEWS = YES;
				GENERATE_INFOPLIST_FILE = YES;
				INFOPLIST_KEY_NSHumanReadableCopyright = "";
				LD_RUNPATH_SEARCH_PATHS = (
					"$(inherited)",
					"@executable_path/../Frameworks",
				);
				MARKETING_VERSION = 1.0;
				PRODUCT_BUNDLE_IDENTIFIER = abascevan.StickyNotes;
				PRODUCT_NAME = "$(TARGET_NAME)";
				SWIFT_EMIT_LOC_STRINGS = YES;
				SWIFT_VERSION = 5.0;
			};
			name = Debug;
		};
		583413C82CB6AB33005259D6 /* Release */ = {
			isa = XCBuildConfiguration;
			buildSettings = {
				ASSETCATALOG_COMPILER_APPICON_NAME = AppIcon;
				ASSETCATALOG_COMPILER_GLOBAL_ACCENT_COLOR_NAME = AccentColor;
				CODE_SIGN_ENTITLEMENTS = StickyNotes/StickyNotes.entitlements;
				CODE_SIGN_STYLE = Automatic;
				COMBINE_HIDPI_IMAGES = YES;
				CURRENT_PROJECT_VERSION = 1;
				DEVELOPMENT_ASSET_PATHS = "\"StickyNotes/Preview Content\"";
				ENABLE_PREVIEWS = YES;
				GENERATE_INFOPLIST_FILE = YES;
				INFOPLIST_KEY_NSHumanReadableCopyright = "";
				LD_RUNPATH_SEARCH_PATHS = (
					"$(inherited)",
					"@executable_path/../Frameworks",
				);
				MARKETING_VERSION = 1.0;
				PRODUCT_BUNDLE_IDENTIFIER = abascevan.StickyNotes;
				PRODUCT_NAME = "$(TARGET_NAME)";
				SWIFT_EMIT_LOC_STRINGS = YES;
				SWIFT_VERSION = 5.0;
			};
			name = Release;
		};
		583413CA2CB6AB33005259D6 /* Debug */ = {
			isa = XCBuildConfiguration;
			buildSettings = {
				BUNDLE_LOADER = "$(TEST_HOST)";
				CODE_SIGN_STYLE = Automatic;
				CURRENT_PROJECT_VERSION = 1;
				GENERATE_INFOPLIST_FILE = YES;
				MACOSX_DEPLOYMENT_TARGET = 15.0;
				MARKETING_VERSION = 1.0;
				PRODUCT_BUNDLE_IDENTIFIER = abascevan.StickyNotesTests;
				PRODUCT_NAME = "$(TARGET_NAME)";
				SWIFT_EMIT_LOC_STRINGS = NO;
				SWIFT_VERSION = 5.0;
				TEST_HOST = "$(BUILT_PRODUCTS_DIR)/StickyNotes.app/$(BUNDLE_EXECUTABLE_FOLDER_PATH)/StickyNotes";
			};
			name = Debug;
		};
		583413CB2CB6AB33005259D6 /* Release */ = {
			isa = XCBuildConfiguration;
			buildSettings = {
				BUNDLE_LOADER = "$(TEST_HOST)";
				CODE_SIGN_STYLE = Automatic;
				CURRENT_PROJECT_VERSION = 1;
				GENERATE_INFOPLIST_FILE = YES;
				MACOSX_DEPLOYMENT_TARGET = 15.0;
				MARKETING_VERSION = 1.0;
				PRODUCT_BUNDLE_IDENTIFIER = abascevan.StickyNotesTests;
				PRODUCT_NAME = "$(TARGET_NAME)";
				SWIFT_EMIT_LOC_STRINGS = NO;
				SWIFT_VERSION = 5.0;
				TEST_HOST = "$(BUILT_PRODUCTS_DIR)/StickyNotes.app/$(BUNDLE_EXECUTABLE_FOLDER_PATH)/StickyNotes";
			};
			name = Release;
		};
		583413CD2CB6AB33005259D6 /* Debug */ = {
			isa = XCBuildConfiguration;
			buildSettings = {
				CODE_SIGN_STYLE = Automatic;
				CURRENT_PROJECT_VERSION = 1;
				GENERATE_INFOPLIST_FILE = YES;
				MARKETING_VERSION = 1.0;
				PRODUCT_BUNDLE_IDENTIFIER = abascevan.StickyNotesUITests;
				PRODUCT_NAME = "$(TARGET_NAME)";
				SWIFT_EMIT_LOC_STRINGS = NO;
				SWIFT_VERSION = 5.0;
				TEST_TARGET_NAME = StickyNotes;
			};
			name = Debug;
		};
		583413CE2CB6AB33005259D6 /* Release */ = {
			isa = XCBuildConfiguration;
			buildSettings = {
				CODE_SIGN_STYLE = Automatic;
				CURRENT_PROJECT_VERSION = 1;
				GENERATE_INFOPLIST_FILE = YES;
				MARKETING_VERSION = 1.0;
				PRODUCT_BUNDLE_IDENTIFIER = abascevan.StickyNotesUITests;
				PRODUCT_NAME = "$(TARGET_NAME)";
				SWIFT_EMIT_LOC_STRINGS = NO;
				SWIFT_VERSION = 5.0;
				TEST_TARGET_NAME = StickyNotes;
			};
			name = Release;
		};
		58C5288F2CB6E06400E360DD /* Debug */ = {
			isa = XCBuildConfiguration;
			buildSettings = {
				ASSETCATALOG_COMPILER_GLOBAL_ACCENT_COLOR_NAME = AccentColor;
				ASSETCATALOG_COMPILER_WIDGET_BACKGROUND_COLOR_NAME = WidgetBackground;
				CODE_SIGN_ENTITLEMENTS = StickyNotesWidget/StickyNotesWidget.entitlements;
				CODE_SIGN_STYLE = Automatic;
				CURRENT_PROJECT_VERSION = 1;
				GENERATE_INFOPLIST_FILE = YES;
				INFOPLIST_FILE = StickyNotesWidget/Info.plist;
				INFOPLIST_KEY_CFBundleDisplayName = StickyNotesWidget;
				INFOPLIST_KEY_NSHumanReadableCopyright = "";
				LD_RUNPATH_SEARCH_PATHS = (
					"$(inherited)",
					"@executable_path/../Frameworks",
					"@executable_path/../../../../Frameworks",
				);
				MACOSX_DEPLOYMENT_TARGET = 14.0;
				MARKETING_VERSION = 1.0;
				PRODUCT_BUNDLE_IDENTIFIER = abascevan.StickyNotes.StickyNotesWidget;
				PRODUCT_NAME = "$(TARGET_NAME)";
				SKIP_INSTALL = YES;
				SWIFT_EMIT_LOC_STRINGS = YES;
				SWIFT_VERSION = 5.0;
			};
			name = Debug;
		};
		58C528902CB6E06400E360DD /* Release */ = {
			isa = XCBuildConfiguration;
			buildSettings = {
				ASSETCATALOG_COMPILER_GLOBAL_ACCENT_COLOR_NAME = AccentColor;
				ASSETCATALOG_COMPILER_WIDGET_BACKGROUND_COLOR_NAME = WidgetBackground;
				CODE_SIGN_ENTITLEMENTS = StickyNotesWidget/StickyNotesWidget.entitlements;
				CODE_SIGN_STYLE = Automatic;
				CURRENT_PROJECT_VERSION = 1;
				GENERATE_INFOPLIST_FILE = YES;
				INFOPLIST_FILE = StickyNotesWidget/Info.plist;
				INFOPLIST_KEY_CFBundleDisplayName = StickyNotesWidget;
				INFOPLIST_KEY_NSHumanReadableCopyright = "";
				LD_RUNPATH_SEARCH_PATHS = (
					"$(inherited)",
					"@executable_path/../Frameworks",
					"@executable_path/../../../../Frameworks",
				);
				MACOSX_DEPLOYMENT_TARGET = 14.0;
				MARKETING_VERSION = 1.0;
				PRODUCT_BUNDLE_IDENTIFIER = abascevan.StickyNotes.StickyNotesWidget;
				PRODUCT_NAME = "$(TARGET_NAME)";
				SKIP_INSTALL = YES;
				SWIFT_EMIT_LOC_STRINGS = YES;
				SWIFT_VERSION = 5.0;
			};
			name = Release;
		};
/* End XCBuildConfiguration section */

/* Begin XCConfigurationList section */
		5834139C2CB6AB2F005259D6 /* Build configuration list for PBXProject "StickyNotes" */ = {
			isa = XCConfigurationList;
			buildConfigurations = (
				583413C42CB6AB33005259D6 /* Debug */,
				583413C52CB6AB33005259D6 /* Release */,
			);
			defaultConfigurationIsVisible = 0;
			defaultConfigurationName = Release;
		};
		583413C62CB6AB33005259D6 /* Build configuration list for PBXNativeTarget "StickyNotes" */ = {
			isa = XCConfigurationList;
			buildConfigurations = (
				583413C72CB6AB33005259D6 /* Debug */,
				583413C82CB6AB33005259D6 /* Release */,
			);
			defaultConfigurationIsVisible = 0;
			defaultConfigurationName = Release;
		};
		583413C92CB6AB33005259D6 /* Build configuration list for PBXNativeTarget "StickyNotesTests" */ = {
			isa = XCConfigurationList;
			buildConfigurations = (
				583413CA2CB6AB33005259D6 /* Debug */,
				583413CB2CB6AB33005259D6 /* Release */,
			);
			defaultConfigurationIsVisible = 0;
			defaultConfigurationName = Release;
		};
		583413CC2CB6AB33005259D6 /* Build configuration list for PBXNativeTarget "StickyNotesUITests" */ = {
			isa = XCConfigurationList;
			buildConfigurations = (
				583413CD2CB6AB33005259D6 /* Debug */,
				583413CE2CB6AB33005259D6 /* Release */,
			);
			defaultConfigurationIsVisible = 0;
			defaultConfigurationName = Release;
		};
		58C5288E2CB6E06400E360DD /* Build configuration list for PBXNativeTarget "StickyNotesWidgetExtension" */ = {
			isa = XCConfigurationList;
			buildConfigurations = (
				58C5288F2CB6E06400E360DD /* Debug */,
				58C528902CB6E06400E360DD /* Release */,
			);
			defaultConfigurationIsVisible = 0;
			defaultConfigurationName = Release;
		};
/* End XCConfigurationList section */
	};
	rootObject = 583413992CB6AB2F005259D6 /* Project object */;
}
